
Microsoft Visual Studio Solution File, Format Version 12.00
# Visual Studio Version 17
VisualStudioVersion = 17.0.31903.59
MinimumVisualStudioVersion = 10.0.40219.1
Project("{FAE04EC0-301F-11D3-BF4B-00C04F79EFBC}") = "Abstractions", "Abstractions\Abstractions.csproj", "{0C5D77DC-B402-4C63-AA25-6C892BB0B057}"
EndProject
Project("{FAE04EC0-301F-11D3-BF4B-00C04F79EFBC}") = "Grains", "Grains\Grains.csproj", "{24071226-C639-4363-8A35-3DCAA63F3048}"
EndProject
Project("{FAE04EC0-301F-11D3-BF4B-00C04F79EFBC}") = "EppoiBackend", "EppoiBackend\EppoiBackend.csproj", "{32F93FBA-A460-495E-A8BC-121CE2A4D4A0}"
EndProject
Global
	GlobalSection(SolutionConfigurationPlatforms) = preSolution
		Debug|Any CPU = Debug|Any CPU
		Release|Any CPU = Release|Any CPU
	EndGlobalSection
	GlobalSection(SolutionProperties) = preSolution
		HideSolutionNode = FALSE
	EndGlobalSection
	GlobalSection(ProjectConfigurationPlatforms) = postSolution
		{0C5D77DC-B402-4C63-AA25-6C892BB0B057}.Debug|Any CPU.ActiveCfg = Debug|Any CPU
		{0C5D77DC-B402-4C63-AA25-6C892BB0B057}.Debug|Any CPU.Build.0 = Debug|Any CPU
		{0C5D77DC-B402-4C63-AA25-6C892BB0B057}.Release|Any CPU.ActiveCfg = Release|Any CPU
		{0C5D77DC-B402-4C63-AA25-6C892BB0B057}.Release|Any CPU.Build.0 = Release|Any CPU
		{24071226-C639-4363-8A35-3DCAA63F3048}.Debug|Any CPU.ActiveCfg = Debug|Any CPU
		{24071226-C639-4363-8A35-3DCAA63F3048}.Debug|Any CPU.Build.0 = Debug|Any CPU
		{24071226-C639-4363-8A35-3DCAA63F3048}.Release|Any CPU.ActiveCfg = Release|Any CPU
		{24071226-C639-4363-8A35-3DCAA63F3048}.Release|Any CPU.Build.0 = Release|Any CPU
		{32F93FBA-A460-495E-A8BC-121CE2A4D4A0}.Debug|Any CPU.ActiveCfg = Debug|Any CPU
		{32F93FBA-A460-495E-A8BC-121CE2A4D4A0}.Debug|Any CPU.Build.0 = Debug|Any CPU
		{32F93FBA-A460-495E-A8BC-121CE2A4D4A0}.Release|Any CPU.ActiveCfg = Release|Any CPU
		{32F93FBA-A460-495E-A8BC-121CE2A4D4A0}.Release|Any CPU.Build.0 = Release|Any CPU
	EndGlobalSection
EndGlobal
